
Microsoft Visual Studio Solution File, Format Version 12.00
# Visual Studio Version 17
VisualStudioVersion = 17.10.35122.118
MinimumVisualStudioVersion = 10.0.40219.1
Project("{FAE04EC0-301F-11D3-BF4B-00C04F79EFBC}") = "MyThirdProgram", "MyThirdProgram\MyThirdProgram.csproj", "{1E742F0C-952A-4F74-AA21-83929F3A65F1}"
EndProject
Global
	GlobalSection(SolutionConfigurationPlatforms) = preSolution
		Debug|Any CPU = Debug|Any CPU
		Release|Any CPU = Release|Any CPU
	EndGlobalSection
	GlobalSection(ProjectConfigurationPlatforms) = postSolution
		{1E742F0C-952A-4F74-AA21-83929F3A65F1}.Debug|Any CPU.ActiveCfg = Debug|Any CPU
		{1E742F0C-952A-4F74-AA21-83929F3A65F1}.Debug|Any CPU.Build.0 = Debug|Any CPU
		{1E742F0C-952A-4F74-AA21-83929F3A65F1}.Release|Any CPU.ActiveCfg = Release|Any CPU
		{1E742F0C-952A-4F74-AA21-83929F3A65F1}.Release|Any CPU.Build.0 = Release|Any CPU
	EndGlobalSection
	GlobalSection(SolutionProperties) = preSolution
		HideSolutionNode = FALSE
	EndGlobalSection
	GlobalSection(ExtensibilityGlobals) = postSolution
		SolutionGuid = {27090151-E5B9-4AE8-B4B4-F212215287B8}
	EndGlobalSection
EndGlobal
