
Microsoft Visual Studio Solution File, Format Version 12.00
# Visual Studio Version 17
VisualStudioVersion = 17.12.35506.116 d17.12
MinimumVisualStudioVersion = 10.0.40219.1
Project("{FAE04EC0-301F-11D3-BF4B-00C04F79EFBC}") = "ProjectBlock8", "ProjectBlock8\ProjectBlock8.csproj", "{BC994F12-7E6E-49C3-9BF9-3D04EF1BB257}"
EndProject
Project("{FAE04EC0-301F-11D3-BF4B-00C04F79EFBC}") = "ReadAndWriteFileLibrary", "ReadAndWriteFileLibrary\ReadAndWriteFileLibrary.csproj", "{31DD39D5-841B-4775-ABCD-D2AF7D9887FB}"
EndProject
Global
	GlobalSection(SolutionConfigurationPlatforms) = preSolution
		Debug|Any CPU = Debug|Any CPU
		Release|Any CPU = Release|Any CPU
	EndGlobalSection
	GlobalSection(ProjectConfigurationPlatforms) = postSolution
		{BC994F12-7E6E-49C3-9BF9-3D04EF1BB257}.Debug|Any CPU.ActiveCfg = Debug|Any CPU
		{BC994F12-7E6E-49C3-9BF9-3D04EF1BB257}.Debug|Any CPU.Build.0 = Debug|Any CPU
		{BC994F12-7E6E-49C3-9BF9-3D04EF1BB257}.Release|Any CPU.ActiveCfg = Release|Any CPU
		{BC994F12-7E6E-49C3-9BF9-3D04EF1BB257}.Release|Any CPU.Build.0 = Release|Any CPU
		{31DD39D5-841B-4775-ABCD-D2AF7D9887FB}.Debug|Any CPU.ActiveCfg = Debug|Any CPU
		{31DD39D5-841B-4775-ABCD-D2AF7D9887FB}.Debug|Any CPU.Build.0 = Debug|Any CPU
		{31DD39D5-841B-4775-ABCD-D2AF7D9887FB}.Release|Any CPU.ActiveCfg = Release|Any CPU
		{31DD39D5-841B-4775-ABCD-D2AF7D9887FB}.Release|Any CPU.Build.0 = Release|Any CPU
	EndGlobalSection
	GlobalSection(SolutionProperties) = preSolution
		HideSolutionNode = FALSE
	EndGlobalSection
EndGlobal
