
Microsoft Visual Studio Solution File, Format Version 12.00
# Visual Studio Version 17
VisualStudioVersion = 17.10.35122.118
MinimumVisualStudioVersion = 10.0.40219.1
Project("{9A19103F-16F7-4668-BE54-9A1E7A4F7556}") = "ProjectBlock4", "ProjectBlock4\ProjectBlock4.csproj", "{F5C3DC6F-FE08-4A89-9563-A0A12D7C96E8}"
EndProject
Project("{9A19103F-16F7-4668-BE54-9A1E7A4F7556}") = "CollectionLibrary", "CollectionLibrary\CollectionLibrary.csproj", "{47FF4B23-4100-4298-B38D-D0E86EBE8578}"
EndProject
Project("{9A19103F-16F7-4668-BE54-9A1E7A4F7556}") = "GenericLibrary", "GenericLibrary\GenericLibrary.csproj", "{B39AC4AD-D2D5-44A7-9B73-F0DCBDBC500B}"
EndProject
Project("{9A19103F-16F7-4668-BE54-9A1E7A4F7556}") = "LINQLibrary", "LINQLibrary\LINQLibrary.csproj", "{FF280D38-4AAC-4BAF-90B2-70F553EF3D21}"
EndProject
Project("{FAE04EC0-301F-11D3-BF4B-00C04F79EFBC}") = "FileLibrary", "FileLibrary\FileLibrary.csproj", "{65729E34-6982-4E76-878E-CF768D33A134}"
EndProject
Global
	GlobalSection(SolutionConfigurationPlatforms) = preSolution
		Debug|Any CPU = Debug|Any CPU
		Release|Any CPU = Release|Any CPU
	EndGlobalSection
	GlobalSection(ProjectConfigurationPlatforms) = postSolution
		{F5C3DC6F-FE08-4A89-9563-A0A12D7C96E8}.Debug|Any CPU.ActiveCfg = Debug|Any CPU
		{F5C3DC6F-FE08-4A89-9563-A0A12D7C96E8}.Debug|Any CPU.Build.0 = Debug|Any CPU
		{F5C3DC6F-FE08-4A89-9563-A0A12D7C96E8}.Release|Any CPU.ActiveCfg = Release|Any CPU
		{F5C3DC6F-FE08-4A89-9563-A0A12D7C96E8}.Release|Any CPU.Build.0 = Release|Any CPU
		{47FF4B23-4100-4298-B38D-D0E86EBE8578}.Debug|Any CPU.ActiveCfg = Debug|Any CPU
		{47FF4B23-4100-4298-B38D-D0E86EBE8578}.Debug|Any CPU.Build.0 = Debug|Any CPU
		{47FF4B23-4100-4298-B38D-D0E86EBE8578}.Release|Any CPU.ActiveCfg = Release|Any CPU
		{47FF4B23-4100-4298-B38D-D0E86EBE8578}.Release|Any CPU.Build.0 = Release|Any CPU
		{B39AC4AD-D2D5-44A7-9B73-F0DCBDBC500B}.Debug|Any CPU.ActiveCfg = Debug|Any CPU
		{B39AC4AD-D2D5-44A7-9B73-F0DCBDBC500B}.Debug|Any CPU.Build.0 = Debug|Any CPU
		{B39AC4AD-D2D5-44A7-9B73-F0DCBDBC500B}.Release|Any CPU.ActiveCfg = Release|Any CPU
		{B39AC4AD-D2D5-44A7-9B73-F0DCBDBC500B}.Release|Any CPU.Build.0 = Release|Any CPU
		{FF280D38-4AAC-4BAF-90B2-70F553EF3D21}.Debug|Any CPU.ActiveCfg = Debug|Any CPU
		{FF280D38-4AAC-4BAF-90B2-70F553EF3D21}.Debug|Any CPU.Build.0 = Debug|Any CPU
		{FF280D38-4AAC-4BAF-90B2-70F553EF3D21}.Release|Any CPU.ActiveCfg = Release|Any CPU
		{FF280D38-4AAC-4BAF-90B2-70F553EF3D21}.Release|Any CPU.Build.0 = Release|Any CPU
		{65729E34-6982-4E76-878E-CF768D33A134}.Debug|Any CPU.ActiveCfg = Debug|Any CPU
		{65729E34-6982-4E76-878E-CF768D33A134}.Debug|Any CPU.Build.0 = Debug|Any CPU
		{65729E34-6982-4E76-878E-CF768D33A134}.Release|Any CPU.ActiveCfg = Release|Any CPU
		{65729E34-6982-4E76-878E-CF768D33A134}.Release|Any CPU.Build.0 = Release|Any CPU
	EndGlobalSection
	GlobalSection(SolutionProperties) = preSolution
		HideSolutionNode = FALSE
	EndGlobalSection
	GlobalSection(ExtensibilityGlobals) = postSolution
		SolutionGuid = {45EEDB13-2137-40BA-B3A6-92757DE32211}
	EndGlobalSection
EndGlobal
