
Microsoft Visual Studio Solution File, Format Version 12.00
# Visual Studio Version 17
VisualStudioVersion = 17.10.35122.118
MinimumVisualStudioVersion = 10.0.40219.1
Project("{9A19103F-16F7-4668-BE54-9A1E7A4F7556}") = "ProgramType", "ProgramType\ProgramType.csproj", "{CF421655-7BEF-4069-9186-91AC7F96D8A7}"
EndProject
Project("{9A19103F-16F7-4668-BE54-9A1E7A4F7556}") = "VariablesLibrary", "VariablesLibrary\VariablesLibrary.csproj", "{43A26ED1-34F1-4F81-AA86-87B5CE2F7184}"
EndProject
Project("{9A19103F-16F7-4668-BE54-9A1E7A4F7556}") = "OperationLibrary", "OperationLibrary\OperationLibrary.csproj", "{44C20927-9E47-4AA9-8BF3-2D2F2D785D7A}"
EndProject
Project("{9A19103F-16F7-4668-BE54-9A1E7A4F7556}") = "IfElseLibrary", "IfElseLibrary\IfElseLibrary.csproj", "{1224B5F0-79F5-41AE-868D-3EE98BE70E3B}"
EndProject
Project("{FAE04EC0-301F-11D3-BF4B-00C04F79EFBC}") = "CycleLibrary", "CycleLibrary\CycleLibrary.csproj", "{176860B0-701E-4D7E-AD18-97FF12D6224C}"
EndProject
Global
	GlobalSection(SolutionConfigurationPlatforms) = preSolution
		Debug|Any CPU = Debug|Any CPU
		Release|Any CPU = Release|Any CPU
	EndGlobalSection
	GlobalSection(ProjectConfigurationPlatforms) = postSolution
		{CF421655-7BEF-4069-9186-91AC7F96D8A7}.Debug|Any CPU.ActiveCfg = Debug|Any CPU
		{CF421655-7BEF-4069-9186-91AC7F96D8A7}.Debug|Any CPU.Build.0 = Debug|Any CPU
		{CF421655-7BEF-4069-9186-91AC7F96D8A7}.Release|Any CPU.ActiveCfg = Release|Any CPU
		{CF421655-7BEF-4069-9186-91AC7F96D8A7}.Release|Any CPU.Build.0 = Release|Any CPU
		{43A26ED1-34F1-4F81-AA86-87B5CE2F7184}.Debug|Any CPU.ActiveCfg = Debug|Any CPU
		{43A26ED1-34F1-4F81-AA86-87B5CE2F7184}.Debug|Any CPU.Build.0 = Debug|Any CPU
		{43A26ED1-34F1-4F81-AA86-87B5CE2F7184}.Release|Any CPU.ActiveCfg = Release|Any CPU
		{43A26ED1-34F1-4F81-AA86-87B5CE2F7184}.Release|Any CPU.Build.0 = Release|Any CPU
		{44C20927-9E47-4AA9-8BF3-2D2F2D785D7A}.Debug|Any CPU.ActiveCfg = Debug|Any CPU
		{44C20927-9E47-4AA9-8BF3-2D2F2D785D7A}.Debug|Any CPU.Build.0 = Debug|Any CPU
		{44C20927-9E47-4AA9-8BF3-2D2F2D785D7A}.Release|Any CPU.ActiveCfg = Release|Any CPU
		{44C20927-9E47-4AA9-8BF3-2D2F2D785D7A}.Release|Any CPU.Build.0 = Release|Any CPU
		{1224B5F0-79F5-41AE-868D-3EE98BE70E3B}.Debug|Any CPU.ActiveCfg = Debug|Any CPU
		{1224B5F0-79F5-41AE-868D-3EE98BE70E3B}.Debug|Any CPU.Build.0 = Debug|Any CPU
		{1224B5F0-79F5-41AE-868D-3EE98BE70E3B}.Release|Any CPU.ActiveCfg = Release|Any CPU
		{1224B5F0-79F5-41AE-868D-3EE98BE70E3B}.Release|Any CPU.Build.0 = Release|Any CPU
		{176860B0-701E-4D7E-AD18-97FF12D6224C}.Debug|Any CPU.ActiveCfg = Debug|Any CPU
		{176860B0-701E-4D7E-AD18-97FF12D6224C}.Debug|Any CPU.Build.0 = Debug|Any CPU
		{176860B0-701E-4D7E-AD18-97FF12D6224C}.Release|Any CPU.ActiveCfg = Release|Any CPU
		{176860B0-701E-4D7E-AD18-97FF12D6224C}.Release|Any CPU.Build.0 = Release|Any CPU
	EndGlobalSection
	GlobalSection(SolutionProperties) = preSolution
		HideSolutionNode = FALSE
	EndGlobalSection
	GlobalSection(ExtensibilityGlobals) = postSolution
		SolutionGuid = {6FA586DE-CA57-4447-91C8-50094BD9228A}
	EndGlobalSection
EndGlobal
