
Microsoft Visual Studio Solution File, Format Version 12.00
# Visual Studio Version 17
VisualStudioVersion = 17.12.35506.116 d17.12
MinimumVisualStudioVersion = 10.0.40219.1
Project("{FAE04EC0-301F-11D3-BF4B-00C04F79EFBC}") = "MyEighthProgram", "MyEighthProgram\MyEighthProgram.csproj", "{12F62B40-207D-49E3-9418-D335A9425912}"
EndProject
Project("{FAE04EC0-301F-11D3-BF4B-00C04F79EFBC}") = "LoggerLibrary", "LoggerLibrary\LoggerLibrary.csproj", "{ACFC633A-095C-41F7-9188-994E5A684671}"
EndProject
Global
	GlobalSection(SolutionConfigurationPlatforms) = preSolution
		Debug|Any CPU = Debug|Any CPU
		Release|Any CPU = Release|Any CPU
	EndGlobalSection
	GlobalSection(ProjectConfigurationPlatforms) = postSolution
		{12F62B40-207D-49E3-9418-D335A9425912}.Debug|Any CPU.ActiveCfg = Debug|Any CPU
		{12F62B40-207D-49E3-9418-D335A9425912}.Debug|Any CPU.Build.0 = Debug|Any CPU
		{12F62B40-207D-49E3-9418-D335A9425912}.Release|Any CPU.ActiveCfg = Release|Any CPU
		{12F62B40-207D-49E3-9418-D335A9425912}.Release|Any CPU.Build.0 = Release|Any CPU
		{ACFC633A-095C-41F7-9188-994E5A684671}.Debug|Any CPU.ActiveCfg = Debug|Any CPU
		{ACFC633A-095C-41F7-9188-994E5A684671}.Debug|Any CPU.Build.0 = Debug|Any CPU
		{ACFC633A-095C-41F7-9188-994E5A684671}.Release|Any CPU.ActiveCfg = Release|Any CPU
		{ACFC633A-095C-41F7-9188-994E5A684671}.Release|Any CPU.Build.0 = Release|Any CPU
	EndGlobalSection
	GlobalSection(SolutionProperties) = preSolution
		HideSolutionNode = FALSE
	EndGlobalSection
EndGlobal
